<Solution>
  <Folder Name="/.github/" />
  <Folder Name="/.github/workflows/">
    <File Path="ci.yml" />
  </Folder>
  <Folder Name="/Solution Items/">
    <File Path=".dockerignore" />
    <File Path="Directory.Build.props" />
    <File Path="Directory.Packages.props" />
    <File Path="docker-compose.yml" />
    <File Path="Dockerfile" />
  </Folder>
  <Folder Name="/src/">
    <Project Path="src/Labaik.Api/Labaik.Api.csproj" />
    <Project Path="src/Labaik.Application/Labaik.Application.csproj" />
    <Project Path="src/Labaik.Domain/Labaik.Domain.csproj" />
    <Project Path="src/Labaik.Infrastructure/Labaik.Infrastructure.csproj" />
  </Folder>
</Solution>
